
Microsoft Visual Studio Solution File, Format Version 12.00
# Visual Studio Version 17
VisualStudioVersion = 17.2.32526.322
MinimumVisualStudioVersion = 10.0.40219.1
Project("{FAE04EC0-301F-11D3-BF4B-00C04F79EFBC}") = "Pit.Api", "Pit.Api\Pit.Api.csproj", "{519246AE-43C7-442B-B726-6E96F20705DD}"
EndProject
Global
	GlobalSection(SolutionConfigurationPlatforms) = preSolution
		Debug|Any CPU = Debug|Any CPU
		Release|Any CPU = Release|Any CPU
	EndGlobalSection
	GlobalSection(ProjectConfigurationPlatforms) = postSolution
		{519246AE-43C7-442B-B726-6E96F20705DD}.Debug|Any CPU.ActiveCfg = Debug|Any CPU
		{519246AE-43C7-442B-B726-6E96F20705DD}.Debug|Any CPU.Build.0 = Debug|Any CPU
		{519246AE-43C7-442B-B726-6E96F20705DD}.Release|Any CPU.ActiveCfg = Release|Any CPU
		{519246AE-43C7-442B-B726-6E96F20705DD}.Release|Any CPU.Build.0 = Release|Any CPU
	EndGlobalSection
	GlobalSection(SolutionProperties) = preSolution
		HideSolutionNode = FALSE
	EndGlobalSection
	GlobalSection(ExtensibilityGlobals) = postSolution
		SolutionGuid = {58C9C1CE-8C7B-493F-A2C0-9539D715E09E}
	EndGlobalSection
EndGlobal
